# THIS IS AN AUTOGENERATED FILE. DO NOT EDIT THIS FILE DIRECTLY.
# yarn lockfile v1


adm-zip@^0.4.14:
  version "0.4.14"
  resolved "https://registry.yarnpkg.com/adm-zip/-/adm-zip-0.4.14.tgz#2cf312bcc9f8875df835b0f6040bd89be0a727a9"
  integrity sha512-/9aQCnQHF+0IiCl0qhXoK7qs//SwYE7zX8lsr/DNk1BRAHYxeLZPL4pguwK29gUEqasYQjqPtEpDRSWEkdHn9g==
